schema: '2.0'
stages:
  data_load:
    cmd: python src/stages/data_load.py --config=params.yaml
    deps:
    - path: src/stages/data_load.py
      hash: md5
      md5: 11584e1d1b7883678e86ae83f53023c5
      size: 839
    - path: src/utils/data_utils.py
      hash: md5
      md5: 9bb63403ad1304f6de13d4c271b54cd6
      size: 6619
    params:
      params.yaml:
        base:
          project: customer_booking
          random_state: 0
        data_load:
          dataset_url: https://customer-booking-s3.s3.eu-west-3.amazonaws.com/customer_booking.csv
          data_dir: data/data_ingestion
          file_name: customer_booking.csv
    outs:
    - path: data/data_ingestion/customer_booking.csv
      hash: md5
      md5: b96996b629f4a90ad10d2273bb76b869
      size: 3146444
  data_split:
    cmd: python src/stages/data_split.py --config=params.yaml
    deps:
    - path: data/data_ingestion/customer_booking.csv
      hash: md5
      md5: b96996b629f4a90ad10d2273bb76b869
      size: 3146444
    - path: src/stages/data_split.py
      hash: md5
      md5: 53f240dcdb2879af3355d85f11bb1037
      size: 1024
    - path: src/utils/data_utils.py
      hash: md5
      md5: 9bb63403ad1304f6de13d4c271b54cd6
      size: 6619
    params:
      params.yaml:
        base:
          project: customer_booking
          random_state: 0
        data_load:
          dataset_url: https://customer-booking-s3.s3.eu-west-3.amazonaws.com/customer_booking.csv
          data_dir: data/data_ingestion
          file_name: customer_booking.csv
        data_split:
          test_pct: 0.2
          train_test_dir_path: data/data_transformation
          train_file_name: train.csv
          test_file_name: test.csv
    outs:
    - path: data/data_transformation/test.csv
      hash: md5
      md5: b6a4c6ae4a2f7c4954b2f2753a9a5dc3
      size: 1118726
    - path: data/data_transformation/train.csv
      hash: md5
      md5: 1f11a69d8b87c58ffcf2ee1615d80894
      size: 4497823
  train:
    cmd: python src/stages/train.py --config=params.yaml
    deps:
    - path: data/data_transformation/train.csv
      hash: md5
      md5: 1f11a69d8b87c58ffcf2ee1615d80894
      size: 4497823
    - path: src/stages/train.py
      hash: md5
      md5: 62ee5668e752290258a6b11814b7d3f6
      size: 2181
    - path: src/utils/train_utils.py
      hash: md5
      md5: 13561170ac0cd0014f478391047f92b1
      size: 2900
    params:
      params.yaml:
        base:
          project: customer_booking
          random_state: 0
        data_split:
          test_pct: 0.2
          train_test_dir_path: data/data_transformation
          train_file_name: train.csv
          test_file_name: test.csv
        train:
          selectkbest__k: 55
          n_estimators: 500
          min_samples_split: 2
          min_samples_leaf: 8
          max_features: sqrt
          max_depth: 30
          criterion: gini
          class_weight:
            0: 1
            1: 5
          target_column: booking_complete
          metrics_train_file: training/metrics.json
          model_path: models
          model_name: model.joblib
    outs:
    - path: models/model.joblib
      hash: md5
      md5: 14bef32123d4f4039e4bf749c3d4cf63
      size: 26174809
    - path: training/metrics.json
      hash: md5
      md5: e0ffd938c0bf97168671859ace1b22b8
      size: 1758
  evaluate:
    cmd: python src/stages/eval.py --config=params.yaml
    deps:
    - path: data/data_transformation/test.csv
      hash: md5
      md5: b6a4c6ae4a2f7c4954b2f2753a9a5dc3
      size: 1118726
    - path: models/model.joblib
      hash: md5
      md5: 14bef32123d4f4039e4bf749c3d4cf63
      size: 26174809
    - path: src/stages/eval.py
      hash: md5
      md5: d912f2e2c40e1fe2f0df401140a390c7
      size: 1463
    - path: src/utils/eval_utils.py
      hash: md5
      md5: bbb2dc6d5a5364334c78160f96770604
      size: 2049
    params:
      params.yaml:
        base:
          project: customer_booking
          random_state: 0
        data_split:
          test_pct: 0.2
          train_test_dir_path: data/data_transformation
          train_file_name: train.csv
          test_file_name: test.csv
        evaluate:
          metrics_file: evaluation/metrics.json
        train:
          selectkbest__k: 55
          n_estimators: 500
          min_samples_split: 2
          min_samples_leaf: 8
          max_features: sqrt
          max_depth: 30
          criterion: gini
          class_weight:
            0: 1
            1: 5
          target_column: booking_complete
          metrics_train_file: training/metrics.json
          model_path: models
          model_name: model.joblib
    outs:
    - path: evaluation/metrics.json
      hash: md5
      md5: b45c7a24c0cbc4b54d88981b89833bd8
      size: 141
